
Microsoft Visual Studio Solution File, Format Version 11.00
# Visual Studio 2010
Project("{FAE04EC0-301F-11D3-BF4B-00C04F79EFBC}") = "GloveTrackingOpenCV", "Assembly-CSharp.csproj", "{74F0332A-0DC4-8E4D-EAC2-AD459B17F400}"
EndProject
Project("{FAE04EC0-301F-11D3-BF4B-00C04F79EFBC}") = "GloveTrackingOpenCV", "Assembly-CSharp-Editor.csproj", "{0CC65373-B3F2-7830-7459-37B1913E7F65}"
EndProject
Global
	GlobalSection(SolutionConfigurationPlatforms) = preSolution
		Debug|Any CPU = Debug|Any CPU
		Release|Any CPU = Release|Any CPU
	EndGlobalSection
	GlobalSection(ProjectConfigurationPlatforms) = postSolution
		{74F0332A-0DC4-8E4D-EAC2-AD459B17F400}.Debug|Any CPU.ActiveCfg = Debug|Any CPU
		{74F0332A-0DC4-8E4D-EAC2-AD459B17F400}.Debug|Any CPU.Build.0 = Debug|Any CPU
		{74F0332A-0DC4-8E4D-EAC2-AD459B17F400}.Release|Any CPU.ActiveCfg = Release|Any CPU
		{74F0332A-0DC4-8E4D-EAC2-AD459B17F400}.Release|Any CPU.Build.0 = Release|Any CPU
		{0CC65373-B3F2-7830-7459-37B1913E7F65}.Debug|Any CPU.ActiveCfg = Debug|Any CPU
		{0CC65373-B3F2-7830-7459-37B1913E7F65}.Debug|Any CPU.Build.0 = Debug|Any CPU
		{0CC65373-B3F2-7830-7459-37B1913E7F65}.Release|Any CPU.ActiveCfg = Release|Any CPU
		{0CC65373-B3F2-7830-7459-37B1913E7F65}.Release|Any CPU.Build.0 = Release|Any CPU
	EndGlobalSection
	GlobalSection(SolutionProperties) = preSolution
		HideSolutionNode = FALSE
	EndGlobalSection
	GlobalSection(MonoDevelopProperties) = preSolution
		StartupItem = Assembly-CSharp.csproj
	EndGlobalSection
EndGlobal
